# This file is autogenerated, do not edit; changes may be undone by the next 'dep ensure'.


[[projects]]
  digest = "1:f6c39b0fd582cede77cf9648fc42442fba2af6bbe8292127a55bf4b954ee07d6"
  name = "github.com/gin-gonic/gin"
  packages = [
    ".",
    "binding",
    "render",
  ]
  pruneopts = "UT"
  revision = "4cc2de6207f4128624cbdd16be30f64966c67c08"

[[projects]]
  digest = "1:8c84e4caefd072f75a65e3556e0012d026aa83bd13ba4e0491db5ad4d064a539"
  name = "github.com/heroku/x"
  packages = [
    "hmetrics",
    "hmetrics/onload",
  ]
  pruneopts = "UT"
  revision = "705849e307dd75c91728463dea5bfd08ef493e64"

[[projects]]
  digest = "1:edbef42561faa44c19129b68d1e109fbc1647f63239250391eadc8d0e7c9f669"
  name = "github.com/kelseyhightower/envconfig"
  packages = ["."]
  pruneopts = "UT"
  revision = "f611eb38b3875cc3bd991ca91c51d06446afa14c"
  version = "v1.3.0"

[[projects]]
  digest = "1:88c12ceb6057ccbfbe7eaa7e3efddec84094e0d0b4dd2a0cc5da1c5925151b88"
  name = "github.com/manucorporat/sse"
  packages = ["."]
  pruneopts = "UT"
  revision = "c142f0f1baea5cef7f98a8a6c222f6134368c1f5"

[[projects]]
  digest = "1:dd628cb10dfc92d766ae7831efba82b4cb907ae115c7bdbf787cc7d251a87687"
  name = "github.com/mattn/go-colorable"
  packages = ["."]
  pruneopts = "UT"
  revision = "40e4aedc8fabf8c23e040057540867186712faa5"

[[projects]]
  digest = "1:fc79b1d1cbf50ef63b4294867f1150518ea01117cb0803769fdf0101329b6747"
  name = "github.com/mattn/go-isatty"
  packages = ["."]
  pruneopts = "UT"
  revision = "7fcbc72f853b92b5720db4a6b8482be612daef24"

[[projects]]
  digest = "1:40e195917a951a8bf867cd05de2a46aaf1806c50cf92eebf4c16f78cd196f747"
  name = "github.com/pkg/errors"
  packages = ["."]
  pruneopts = "UT"
  revision = "645ef00459ed84a119197bfb8d8205042c6df63d"
  version = "v0.8.0"

[[projects]]
  digest = "1:777e729b475d3895c7229552aa10076f0d177daf37c0a72258006d046d329960"
  name = "go.uber.org/atomic"
  packages = ["."]
  pruneopts = "UT"
  revision = "4e336646b2ef9fc6e47be8e21594178f98e5ebcf"
  version = "v1.2.0"

[[projects]]
  digest = "1:60bf2a5e347af463c42ed31a493d817f8a72f102543060ed992754e689805d1a"
  name = "go.uber.org/multierr"
  packages = ["."]
  pruneopts = "UT"
  revision = "3c4937480c32f4c13a875a1829af76c98ca3d40a"
  version = "v1.1.0"

[[projects]]
  digest = "1:c52caf7bd44f92e54627a31b85baf06a68333a196b3d8d241480a774733dcf8b"
  name = "go.uber.org/zap"
  packages = [
    ".",
    "buffer",
    "internal/bufferpool",
    "internal/color",
    "internal/exit",
    "zapcore",
  ]
  pruneopts = "UT"
  revision = "ff33455a0e382e8a81d14dd7c922020b6b5e7982"
  version = "v1.9.1"

[[projects]]
  digest = "1:0a65cfa1f7aefb37e6feab22ea198eb0c821d2de8e8ea1d63bec11fa27ad5eb0"
  name = "golang.org/x/net"
  packages = ["context"]
  pruneopts = "UT"
  revision = "d9558e5c97f85372afee28cf2b6059d7d3818919"

[[projects]]
  digest = "1:73055186a7d2f921c00094cfd804d09da2143d4ba6c31ceb206384c9b3a32975"
  name = "gopkg.in/bluesuncorp/validator.v5"
  packages = ["."]
  pruneopts = "UT"
  revision = "07cbdd2e6dfd947b002e83c13b775c7580fab2d5"
  version = "v5.4"

[solve-meta]
  analyzer-name = "dep"
  analyzer-version = 1
  input-imports = [
    "github.com/gin-gonic/gin",
    "github.com/heroku/x/hmetrics/onload",
    "github.com/kelseyhightower/envconfig",
    "github.com/pkg/errors",
    "go.uber.org/zap",
  ]
  solver-name = "gps-cdcl"
  solver-version = 1
